// !$*UTF8*$!
{
	archiveVersion = 1;
	classes = {
	};
	objectVersion = 46;
	objects = {

/* Begin PBXBuildFile section */
		DAD67E4B1AF7963200616BF6 /* AppDelegate.swift in Sources */ = {isa = PBXBuildFile; fileRef = DAD67E4A1AF7963200616BF6 /* AppDelegate.swift */; };
		DAD67E4D1AF7963200616BF6 /* ViewController.swift in Sources */ = {isa = PBXBuildFile; fileRef = DAD67E4C1AF7963200616BF6 /* ViewController.swift */; };
		DAD67E501AF7963200616BF6 /* Main.storyboard in Resources */ = {isa = PBXBuildFile; fileRef = DAD67E4E1AF7963200616BF6 /* Main.storyboard */; };
		DAD67E521AF7963200616BF6 /* Images.xcassets in Resources */ = {isa = PBXBuildFile; fileRef = DAD67E511AF7963200616BF6 /* Images.xcassets */; };
		DAD67E551AF7963200616BF6 /* LaunchScreen.xib in Resources */ = {isa = PBXBuildFile; fileRef = DAD67E531AF7963200616BF6 /* LaunchScreen.xib */; };
		DAD67E611AF7963200616BF6 /* ZipExampleTests.swift in Sources */ = {isa = PBXBuildFile; fileRef = DAD67E601AF7963200616BF6 /* ZipExampleTests.swift */; };
		DAD67E771AF79F7B00616BF6 /* ioapi.c in Sources */ = {isa = PBXBuildFile; fileRef = DAD67E6D1AF79F7B00616BF6 /* ioapi.c */; };
		DAD67E781AF79F7B00616BF6 /* mztools.c in Sources */ = {isa = PBXBuildFile; fileRef = DAD67E6F1AF79F7B00616BF6 /* mztools.c */; };
		DAD67E791AF79F7B00616BF6 /* unzip.c in Sources */ = {isa = PBXBuildFile; fileRef = DAD67E711AF79F7B00616BF6 /* unzip.c */; };
		DAD67E7A1AF79F7B00616BF6 /* zip.c in Sources */ = {isa = PBXBuildFile; fileRef = DAD67E731AF79F7B00616BF6 /* zip.c */; };
		DAD67E7B1AF79F7B00616BF6 /* ZipArchive.mm in Sources */ = {isa = PBXBuildFile; fileRef = DAD67E761AF79F7B00616BF6 /* ZipArchive.mm */; settings = {COMPILER_FLAGS = "-fno-objc-arc"; }; };
		DAD67E7D1AF79F9500616BF6 /* libz.dylib in Frameworks */ = {isa = PBXBuildFile; fileRef = DAD67E7C1AF79F9500616BF6 /* libz.dylib */; };
		DAD67E861AF7A1E300616BF6 /* Archive.zip in Resources */ = {isa = PBXBuildFile; fileRef = DAD67E851AF7A1E300616BF6 /* Archive.zip */; };
/* End PBXBuildFile section */

/* Begin PBXContainerItemProxy section */
		DAD67E5B1AF7963200616BF6 /* PBXContainerItemProxy */ = {
			isa = PBXContainerItemProxy;
			containerPortal = DAD67E3D1AF7963200616BF6 /* Project object */;
			proxyType = 1;
			remoteGlobalIDString = DAD67E441AF7963200616BF6;
			remoteInfo = ZipExample;
		};
/* End PBXContainerItemProxy section */

/* Begin PBXFileReference section */
		DAD67E451AF7963200616BF6 /* ZipExample.app */ = {isa = PBXFileReference; explicitFileType = wrapper.application; includeInIndex = 0; path = ZipExample.app; sourceTree = BUILT_PRODUCTS_DIR; };
		DAD67E491AF7963200616BF6 /* Info.plist */ = {isa = PBXFileReference; lastKnownFileType = text.plist.xml; path = Info.plist; sourceTree = "<group>"; };
		DAD67E4A1AF7963200616BF6 /* AppDelegate.swift */ = {isa = PBXFileReference; lastKnownFileType = sourcecode.swift; path = AppDelegate.swift; sourceTree = "<group>"; };
		DAD67E4C1AF7963200616BF6 /* ViewController.swift */ = {isa = PBXFileReference; lastKnownFileType = sourcecode.swift; path = ViewController.swift; sourceTree = "<group>"; };
		DAD67E4F1AF7963200616BF6 /* Base */ = {isa = PBXFileReference; lastKnownFileType = file.storyboard; name = Base; path = Base.lproj/Main.storyboard; sourceTree = "<group>"; };
		DAD67E511AF7963200616BF6 /* Images.xcassets */ = {isa = PBXFileReference; lastKnownFileType = folder.assetcatalog; path = Images.xcassets; sourceTree = "<group>"; };
		DAD67E541AF7963200616BF6 /* Base */ = {isa = PBXFileReference; lastKnownFileType = file.xib; name = Base; path = Base.lproj/LaunchScreen.xib; sourceTree = "<group>"; };
		DAD67E5A1AF7963200616BF6 /* ZipExampleTests.xctest */ = {isa = PBXFileReference; explicitFileType = wrapper.cfbundle; includeInIndex = 0; path = ZipExampleTests.xctest; sourceTree = BUILT_PRODUCTS_DIR; };
		DAD67E5F1AF7963200616BF6 /* Info.plist */ = {isa = PBXFileReference; lastKnownFileType = text.plist.xml; path = Info.plist; sourceTree = "<group>"; };
		DAD67E601AF7963200616BF6 /* ZipExampleTests.swift */ = {isa = PBXFileReference; lastKnownFileType = sourcecode.swift; path = ZipExampleTests.swift; sourceTree = "<group>"; };
		DAD67E6C1AF79F7B00616BF6 /* crypt.h */ = {isa = PBXFileReference; fileEncoding = 4; lastKnownFileType = sourcecode.c.h; path = crypt.h; sourceTree = "<group>"; };
		DAD67E6D1AF79F7B00616BF6 /* ioapi.c */ = {isa = PBXFileReference; fileEncoding = 4; lastKnownFileType = sourcecode.c.c; path = ioapi.c; sourceTree = "<group>"; };
		DAD67E6E1AF79F7B00616BF6 /* ioapi.h */ = {isa = PBXFileReference; fileEncoding = 4; lastKnownFileType = sourcecode.c.h; path = ioapi.h; sourceTree = "<group>"; };
		DAD67E6F1AF79F7B00616BF6 /* mztools.c */ = {isa = PBXFileReference; fileEncoding = 4; lastKnownFileType = sourcecode.c.c; path = mztools.c; sourceTree = "<group>"; };
		DAD67E701AF79F7B00616BF6 /* mztools.h */ = {isa = PBXFileReference; fileEncoding = 4; lastKnownFileType = sourcecode.c.h; path = mztools.h; sourceTree = "<group>"; };
		DAD67E711AF79F7B00616BF6 /* unzip.c */ = {isa = PBXFileReference; fileEncoding = 4; lastKnownFileType = sourcecode.c.c; path = unzip.c; sourceTree = "<group>"; };
		DAD67E721AF79F7B00616BF6 /* unzip.h */ = {isa = PBXFileReference; fileEncoding = 4; lastKnownFileType = sourcecode.c.h; path = unzip.h; sourceTree = "<group>"; };
		DAD67E731AF79F7B00616BF6 /* zip.c */ = {isa = PBXFileReference; fileEncoding = 4; lastKnownFileType = sourcecode.c.c; path = zip.c; sourceTree = "<group>"; };
		DAD67E741AF79F7B00616BF6 /* zip.h */ = {isa = PBXFileReference; fileEncoding = 4; lastKnownFileType = sourcecode.c.h; path = zip.h; sourceTree = "<group>"; };
		DAD67E751AF79F7B00616BF6 /* ZipArchive.h */ = {isa = PBXFileReference; fileEncoding = 4; lastKnownFileType = sourcecode.c.h; path = ZipArchive.h; sourceTree = "<group>"; };
		DAD67E761AF79F7B00616BF6 /* ZipArchive.mm */ = {isa = PBXFileReference; fileEncoding = 4; lastKnownFileType = sourcecode.cpp.objcpp; path = ZipArchive.mm; sourceTree = "<group>"; };
		DAD67E7C1AF79F9500616BF6 /* libz.dylib */ = {isa = PBXFileReference; lastKnownFileType = "compiled.mach-o.dylib"; name = libz.dylib; path = usr/lib/libz.dylib; sourceTree = SDKROOT; };
		DAD67E841AF7A10500616BF6 /* Header.h */ = {isa = PBXFileReference; lastKnownFileType = sourcecode.c.h; name = Header.h; path = ../Header.h; sourceTree = "<group>"; };
		DAD67E851AF7A1E300616BF6 /* Archive.zip */ = {isa = PBXFileReference; lastKnownFileType = archive.zip; path = Archive.zip; sourceTree = "<group>"; };
/* End PBXFileReference section */

/* Begin PBXFrameworksBuildPhase section */
		DAD67E421AF7963200616BF6 /* Frameworks */ = {
			isa = PBXFrameworksBuildPhase;
			buildActionMask = 2147483647;
			files = (
				DAD67E7D1AF79F9500616BF6 /* libz.dylib in Frameworks */,
			);
			runOnlyForDeploymentPostprocessing = 0;
		};
		DAD67E571AF7963200616BF6 /* Frameworks */ = {
			isa = PBXFrameworksBuildPhase;
			buildActionMask = 2147483647;
			files = (
			);
			runOnlyForDeploymentPostprocessing = 0;
		};
/* End PBXFrameworksBuildPhase section */

/* Begin PBXGroup section */
		DAD67E3C1AF7963200616BF6 = {
			isa = PBXGroup;
			children = (
				DAD67E851AF7A1E300616BF6 /* Archive.zip */,
				DAD67E7C1AF79F9500616BF6 /* libz.dylib */,
				DAD67E6A1AF79F7B00616BF6 /* ZipArchive */,
				DAD67E471AF7963200616BF6 /* ZipExample */,
				DAD67E5D1AF7963200616BF6 /* ZipExampleTests */,
				DAD67E461AF7963200616BF6 /* Products */,
			);
			sourceTree = "<group>";
		};
		DAD67E461AF7963200616BF6 /* Products */ = {
			isa = PBXGroup;
			children = (
				DAD67E451AF7963200616BF6 /* ZipExample.app */,
				DAD67E5A1AF7963200616BF6 /* ZipExampleTests.xctest */,
			);
			name = Products;
			sourceTree = "<group>";
		};
		DAD67E471AF7963200616BF6 /* ZipExample */ = {
			isa = PBXGroup;
			children = (
				DAD67E841AF7A10500616BF6 /* Header.h */,
				DAD67E4A1AF7963200616BF6 /* AppDelegate.swift */,
				DAD67E4C1AF7963200616BF6 /* ViewController.swift */,
				DAD67E4E1AF7963200616BF6 /* Main.storyboard */,
				DAD67E511AF7963200616BF6 /* Images.xcassets */,
				DAD67E531AF7963200616BF6 /* LaunchScreen.xib */,
				DAD67E481AF7963200616BF6 /* Supporting Files */,
			);
			path = ZipExample;
			sourceTree = "<group>";
		};
		DAD67E481AF7963200616BF6 /* Supporting Files */ = {
			isa = PBXGroup;
			children = (
				DAD67E491AF7963200616BF6 /* Info.plist */,
			);
			name = "Supporting Files";
			sourceTree = "<group>";
		};
		DAD67E5D1AF7963200616BF6 /* ZipExampleTests */ = {
			isa = PBXGroup;
			children = (
				DAD67E601AF7963200616BF6 /* ZipExampleTests.swift */,
				DAD67E5E1AF7963200616BF6 /* Supporting Files */,
			);
			path = ZipExampleTests;
			sourceTree = "<group>";
		};
		DAD67E5E1AF7963200616BF6 /* Supporting Files */ = {
			isa = PBXGroup;
			children = (
				DAD67E5F1AF7963200616BF6 /* Info.plist */,
			);
			name = "Supporting Files";
			sourceTree = "<group>";
		};
		DAD67E6A1AF79F7B00616BF6 /* ZipArchive */ = {
			isa = PBXGroup;
			children = (
				DAD67E6B1AF79F7B00616BF6 /* minizip */,
				DAD67E751AF79F7B00616BF6 /* ZipArchive.h */,
				DAD67E761AF79F7B00616BF6 /* ZipArchive.mm */,
			);
			path = ZipArchive;
			sourceTree = "<group>";
		};
		DAD67E6B1AF79F7B00616BF6 /* minizip */ = {
			isa = PBXGroup;
			children = (
				DAD67E6C1AF79F7B00616BF6 /* crypt.h */,
				DAD67E6D1AF79F7B00616BF6 /* ioapi.c */,
				DAD67E6E1AF79F7B00616BF6 /* ioapi.h */,
				DAD67E6F1AF79F7B00616BF6 /* mztools.c */,
				DAD67E701AF79F7B00616BF6 /* mztools.h */,
				DAD67E711AF79F7B00616BF6 /* unzip.c */,
				DAD67E721AF79F7B00616BF6 /* unzip.h */,
				DAD67E731AF79F7B00616BF6 /* zip.c */,
				DAD67E741AF79F7B00616BF6 /* zip.h */,
			);
			path = minizip;
			sourceTree = "<group>";
		};
/* End PBXGroup section */

/* Begin PBXNativeTarget section */
		DAD67E441AF7963200616BF6 /* ZipExample */ = {
			isa = PBXNativeTarget;
			buildConfigurationList = DAD67E641AF7963200616BF6 /* Build configuration list for PBXNativeTarget "ZipExample" */;
			buildPhases = (
				DAD67E411AF7963200616BF6 /* Sources */,
				DAD67E421AF7963200616BF6 /* Frameworks */,
				DAD67E431AF7963200616BF6 /* Resources */,
			);
			buildRules = (
			);
			dependencies = (
			);
			name = ZipExample;
			productName = ZipExample;
			productReference = DAD67E451AF7963200616BF6 /* ZipExample.app */;
			productType = "com.apple.product-type.application";
		};
		DAD67E591AF7963200616BF6 /* ZipExampleTests */ = {
			isa = PBXNativeTarget;
			buildConfigurationList = DAD67E671AF7963200616BF6 /* Build configuration list for PBXNativeTarget "ZipExampleTests" */;
			buildPhases = (
				DAD67E561AF7963200616BF6 /* Sources */,
				DAD67E571AF7963200616BF6 /* Frameworks */,
				DAD67E581AF7963200616BF6 /* Resources */,
			);
			buildRules = (
			);
			dependencies = (
				DAD67E5C1AF7963200616BF6 /* PBXTargetDependency */,
			);
			name = ZipExampleTests;
			productName = ZipExampleTests;
			productReference = DAD67E5A1AF7963200616BF6 /* ZipExampleTests.xctest */;
			productType = "com.apple.product-type.bundle.unit-test";
		};
/* End PBXNativeTarget section */

/* Begin PBXProject section */
		DAD67E3D1AF7963200616BF6 /* Project object */ = {
			isa = PBXProject;
			attributes = {
				LastUpgradeCheck = 0620;
				ORGANIZATIONNAME = "Fun Anima Co., Ltd.";
				TargetAttributes = {
					DAD67E441AF7963200616BF6 = {
						CreatedOnToolsVersion = 6.2;
					};
					DAD67E591AF7963200616BF6 = {
						CreatedOnToolsVersion = 6.2;
						TestTargetID = DAD67E441AF7963200616BF6;
					};
				};
			};
			buildConfigurationList = DAD67E401AF7963200616BF6 /* Build configuration list for PBXProject "ZipExample" */;
			compatibilityVersion = "Xcode 3.2";
			developmentRegion = English;
			hasScannedForEncodings = 0;
			knownRegions = (
				en,
				Base,
			);
			mainGroup = DAD67E3C1AF7963200616BF6;
			productRefGroup = DAD67E461AF7963200616BF6 /* Products */;
			projectDirPath = "";
			projectRoot = "";
			targets = (
				DAD67E441AF7963200616BF6 /* ZipExample */,
				DAD67E591AF7963200616BF6 /* ZipExampleTests */,
			);
		};
/* End PBXProject section */

/* Begin PBXResourcesBuildPhase section */
		DAD67E431AF7963200616BF6 /* Resources */ = {
			isa = PBXResourcesBuildPhase;
			buildActionMask = 2147483647;
			files = (
				DAD67E501AF7963200616BF6 /* Main.storyboard in Resources */,
				DAD67E551AF7963200616BF6 /* LaunchScreen.xib in Resources */,
				DAD67E861AF7A1E300616BF6 /* Archive.zip in Resources */,
				DAD67E521AF7963200616BF6 /* Images.xcassets in Resources */,
			);
			runOnlyForDeploymentPostprocessing = 0;
		};
		DAD67E581AF7963200616BF6 /* Resources */ = {
			isa = PBXResourcesBuildPhase;
			buildActionMask = 2147483647;
			files = (
			);
			runOnlyForDeploymentPostprocessing = 0;
		};
/* End PBXResourcesBuildPhase section */

/* Begin PBXSourcesBuildPhase section */
		DAD67E411AF7963200616BF6 /* Sources */ = {
			isa = PBXSourcesBuildPhase;
			buildActionMask = 2147483647;
			files = (
				DAD67E771AF79F7B00616BF6 /* ioapi.c in Sources */,
				DAD67E791AF79F7B00616BF6 /* unzip.c in Sources */,
				DAD67E7B1AF79F7B00616BF6 /* ZipArchive.mm in Sources */,
				DAD67E4D1AF7963200616BF6 /* ViewController.swift in Sources */,
				DAD67E7A1AF79F7B00616BF6 /* zip.c in Sources */,
				DAD67E781AF79F7B00616BF6 /* mztools.c in Sources */,
				DAD67E4B1AF7963200616BF6 /* AppDelegate.swift in Sources */,
			);
			runOnlyForDeploymentPostprocessing = 0;
		};
		DAD67E561AF7963200616BF6 /* Sources */ = {
			isa = PBXSourcesBuildPhase;
			buildActionMask = 2147483647;
			files = (
				DAD67E611AF7963200616BF6 /* ZipExampleTests.swift in Sources */,
			);
			runOnlyForDeploymentPostprocessing = 0;
		};
/* End PBXSourcesBuildPhase section */

/* Begin PBXTargetDependency section */
		DAD67E5C1AF7963200616BF6 /* PBXTargetDependency */ = {
			isa = PBXTargetDependency;
			target = DAD67E441AF7963200616BF6 /* ZipExample */;
			targetProxy = DAD67E5B1AF7963200616BF6 /* PBXContainerItemProxy */;
		};
/* End PBXTargetDependency section */

/* Begin PBXVariantGroup section */
		DAD67E4E1AF7963200616BF6 /* Main.storyboard */ = {
			isa = PBXVariantGroup;
			children = (
				DAD67E4F1AF7963200616BF6 /* Base */,
			);
			name = Main.storyboard;
			sourceTree = "<group>";
		};
		DAD67E531AF7963200616BF6 /* LaunchScreen.xib */ = {
			isa = PBXVariantGroup;
			children = (
				DAD67E541AF7963200616BF6 /* Base */,
			);
			name = LaunchScreen.xib;
			sourceTree = "<group>";
		};
/* End PBXVariantGroup section */

/* Begin XCBuildConfiguration section */
		DAD67E621AF7963200616BF6 /* Debug */ = {
			isa = XCBuildConfiguration;
			buildSettings = {
				ALWAYS_SEARCH_USER_PATHS = NO;
				CLANG_CXX_LANGUAGE_STANDARD = "gnu++0x";
				CLANG_CXX_LIBRARY = "libc++";
				CLANG_ENABLE_MODULES = YES;
				CLANG_ENABLE_OBJC_ARC = YES;
				CLANG_WARN_BOOL_CONVERSION = YES;
				CLANG_WARN_CONSTANT_CONVERSION = YES;
				CLANG_WARN_DIRECT_OBJC_ISA_USAGE = YES_ERROR;
				CLANG_WARN_EMPTY_BODY = YES;
				CLANG_WARN_ENUM_CONVERSION = YES;
				CLANG_WARN_INT_CONVERSION = YES;
				CLANG_WARN_OBJC_ROOT_CLASS = YES_ERROR;
				CLANG_WARN_UNREACHABLE_CODE = YES;
				CLANG_WARN__DUPLICATE_METHOD_MATCH = YES;
				"CODE_SIGN_IDENTITY[sdk=iphoneos*]" = "iPhone Developer";
				COPY_PHASE_STRIP = NO;
				ENABLE_STRICT_OBJC_MSGSEND = YES;
				GCC_C_LANGUAGE_STANDARD = gnu99;
				GCC_DYNAMIC_NO_PIC = NO;
				GCC_OPTIMIZATION_LEVEL = 0;
				GCC_PREPROCESSOR_DEFINITIONS = (
					"DEBUG=1",
					"$(inherited)",
				);
				GCC_SYMBOLS_PRIVATE_EXTERN = NO;
				GCC_WARN_64_TO_32_BIT_CONVERSION = YES;
				GCC_WARN_ABOUT_RETURN_TYPE = YES_ERROR;
				GCC_WARN_UNDECLARED_SELECTOR = YES;
				GCC_WARN_UNINITIALIZED_AUTOS = YES_AGGRESSIVE;
				GCC_WARN_UNUSED_FUNCTION = YES;
				GCC_WARN_UNUSED_VARIABLE = YES;
				IPHONEOS_DEPLOYMENT_TARGET = 8.2;
				MTL_ENABLE_DEBUG_INFO = YES;
				ONLY_ACTIVE_ARCH = YES;
				SDKROOT = iphoneos;
				SWIFT_OPTIMIZATION_LEVEL = "-Onone";
			};
			name = Debug;
		};
		DAD67E631AF7963200616BF6 /* Release */ = {
			isa = XCBuildConfiguration;
			buildSettings = {
				ALWAYS_SEARCH_USER_PATHS = NO;
				CLANG_CXX_LANGUAGE_STANDARD = "gnu++0x";
				CLANG_CXX_LIBRARY = "libc++";
				CLANG_ENABLE_MODULES = YES;
				CLANG_ENABLE_OBJC_ARC = YES;
				CLANG_WARN_BOOL_CONVERSION = YES;
				CLANG_WARN_CONSTANT_CONVERSION = YES;
				CLANG_WARN_DIRECT_OBJC_ISA_USAGE = YES_ERROR;
				CLANG_WARN_EMPTY_BODY = YES;
				CLANG_WARN_ENUM_CONVERSION = YES;
				CLANG_WARN_INT_CONVERSION = YES;
				CLANG_WARN_OBJC_ROOT_CLASS = YES_ERROR;
				CLANG_WARN_UNREACHABLE_CODE = YES;
				CLANG_WARN__DUPLICATE_METHOD_MATCH = YES;
				"CODE_SIGN_IDENTITY[sdk=iphoneos*]" = "iPhone Developer";
				COPY_PHASE_STRIP = NO;
				ENABLE_NS_ASSERTIONS = NO;
				ENABLE_STRICT_OBJC_MSGSEND = YES;
				GCC_C_LANGUAGE_STANDARD = gnu99;
				GCC_WARN_64_TO_32_BIT_CONVERSION = YES;
				GCC_WARN_ABOUT_RETURN_TYPE = YES_ERROR;
				GCC_WARN_UNDECLARED_SELECTOR = YES;
				GCC_WARN_UNINITIALIZED_AUTOS = YES_AGGRESSIVE;
				GCC_WARN_UNUSED_FUNCTION = YES;
				GCC_WARN_UNUSED_VARIABLE = YES;
				IPHONEOS_DEPLOYMENT_TARGET = 8.2;
				MTL_ENABLE_DEBUG_INFO = NO;
				SDKROOT = iphoneos;
				VALIDATE_PRODUCT = YES;
			};
			name = Release;
		};
		DAD67E651AF7963200616BF6 /* Debug */ = {
			isa = XCBuildConfiguration;
			buildSettings = {
				ASSETCATALOG_COMPILER_APPICON_NAME = AppIcon;
				INFOPLIST_FILE = ZipExample/Info.plist;
				LD_RUNPATH_SEARCH_PATHS = "$(inherited) @executable_path/Frameworks";
				PRODUCT_NAME = "$(TARGET_NAME)";
				SWIFT_OBJC_BRIDGING_HEADER = Header.h;
			};
			name = Debug;
		};
		DAD67E661AF7963200616BF6 /* Release */ = {
			isa = XCBuildConfiguration;
			buildSettings = {
				ASSETCATALOG_COMPILER_APPICON_NAME = AppIcon;
				INFOPLIST_FILE = ZipExample/Info.plist;
				LD_RUNPATH_SEARCH_PATHS = "$(inherited) @executable_path/Frameworks";
				PRODUCT_NAME = "$(TARGET_NAME)";
				SWIFT_OBJC_BRIDGING_HEADER = Header.h;
			};
			name = Release;
		};
		DAD67E681AF7963200616BF6 /* Debug */ = {
			isa = XCBuildConfiguration;
			buildSettings = {
				BUNDLE_LOADER = "$(TEST_HOST)";
				FRAMEWORK_SEARCH_PATHS = (
					"$(SDKROOT)/Developer/Library/Frameworks",
					"$(inherited)",
				);
				GCC_PREPROCESSOR_DEFINITIONS = (
					"DEBUG=1",
					"$(inherited)",
				);
				INFOPLIST_FILE = ZipExampleTests/Info.plist;
				LD_RUNPATH_SEARCH_PATHS = "$(inherited) @executable_path/Frameworks @loader_path/Frameworks";
				PRODUCT_NAME = "$(TARGET_NAME)";
				TEST_HOST = "$(BUILT_PRODUCTS_DIR)/ZipExample.app/ZipExample";
			};
			name = Debug;
		};
		DAD67E691AF7963200616BF6 /* Release */ = {
			isa = XCBuildConfiguration;
			buildSettings = {
				BUNDLE_LOADER = "$(TEST_HOST)";
				FRAMEWORK_SEARCH_PATHS = (
					"$(SDKROOT)/Developer/Library/Frameworks",
					"$(inherited)",
				);
				INFOPLIST_FILE = ZipExampleTests/Info.plist;
				LD_RUNPATH_SEARCH_PATHS = "$(inherited) @executable_path/Frameworks @loader_path/Frameworks";
				PRODUCT_NAME = "$(TARGET_NAME)";
				TEST_HOST = "$(BUILT_PRODUCTS_DIR)/ZipExample.app/ZipExample";
			};
			name = Release;
		};
/* End XCBuildConfiguration section */

/* Begin XCConfigurationList section */
		DAD67E401AF7963200616BF6 /* Build configuration list for PBXProject "ZipExample" */ = {
			isa = XCConfigurationList;
			buildConfigurations = (
				DAD67E621AF7963200616BF6 /* Debug */,
				DAD67E631AF7963200616BF6 /* Release */,
			);
			defaultConfigurationIsVisible = 0;
			defaultConfigurationName = Release;
		};
		DAD67E641AF7963200616BF6 /* Build configuration list for PBXNativeTarget "ZipExample" */ = {
			isa = XCConfigurationList;
			buildConfigurations = (
				DAD67E651AF7963200616BF6 /* Debug */,
				DAD67E661AF7963200616BF6 /* Release */,
			);
			defaultConfigurationIsVisible = 0;
		};
		DAD67E671AF7963200616BF6 /* Build configuration list for PBXNativeTarget "ZipExampleTests" */ = {
			isa = XCConfigurationList;
			buildConfigurations = (
				DAD67E681AF7963200616BF6 /* Debug */,
				DAD67E691AF7963200616BF6 /* Release */,
			);
			defaultConfigurationIsVisible = 0;
		};
/* End XCConfigurationList section */
	};
	rootObject = DAD67E3D1AF7963200616BF6 /* Project object */;
}
